
Microsoft Visual Studio Solution File, Format Version 12.00
# Visual Studio Version 17
VisualStudioVersion = 17.7.34024.191
MinimumVisualStudioVersion = 10.0.40219.1
Project("{9A19103F-16F7-4668-BE54-9A1E7A4F7556}") = "Task_1", "Task_1\Task_1.csproj", "{1925A9C4-B295-4DF7-AA20-132B7E73F9BB}"
EndProject
Project("{FAE04EC0-301F-11D3-BF4B-00C04F79EFBC}") = "Task_3", "Task_3\Task_3.csproj", "{A8DDE313-94BA-470D-8AF3-E5DB657CD7D0}"
EndProject
Project("{FAE04EC0-301F-11D3-BF4B-00C04F79EFBC}") = "Task_4", "Task_4\Task_4.csproj", "{20B48E63-82A8-44C7-BEE5-B757E12D28DD}"
EndProject
Global
	GlobalSection(SolutionConfigurationPlatforms) = preSolution
		Debug|Any CPU = Debug|Any CPU
		Release|Any CPU = Release|Any CPU
	EndGlobalSection
	GlobalSection(ProjectConfigurationPlatforms) = postSolution
		{1925A9C4-B295-4DF7-AA20-132B7E73F9BB}.Debug|Any CPU.ActiveCfg = Debug|Any CPU
		{1925A9C4-B295-4DF7-AA20-132B7E73F9BB}.Debug|Any CPU.Build.0 = Debug|Any CPU
		{1925A9C4-B295-4DF7-AA20-132B7E73F9BB}.Release|Any CPU.ActiveCfg = Release|Any CPU
		{1925A9C4-B295-4DF7-AA20-132B7E73F9BB}.Release|Any CPU.Build.0 = Release|Any CPU
		{A8DDE313-94BA-470D-8AF3-E5DB657CD7D0}.Debug|Any CPU.ActiveCfg = Debug|Any CPU
		{A8DDE313-94BA-470D-8AF3-E5DB657CD7D0}.Debug|Any CPU.Build.0 = Debug|Any CPU
		{A8DDE313-94BA-470D-8AF3-E5DB657CD7D0}.Release|Any CPU.ActiveCfg = Release|Any CPU
		{A8DDE313-94BA-470D-8AF3-E5DB657CD7D0}.Release|Any CPU.Build.0 = Release|Any CPU
		{20B48E63-82A8-44C7-BEE5-B757E12D28DD}.Debug|Any CPU.ActiveCfg = Debug|Any CPU
		{20B48E63-82A8-44C7-BEE5-B757E12D28DD}.Debug|Any CPU.Build.0 = Debug|Any CPU
		{20B48E63-82A8-44C7-BEE5-B757E12D28DD}.Release|Any CPU.ActiveCfg = Release|Any CPU
		{20B48E63-82A8-44C7-BEE5-B757E12D28DD}.Release|Any CPU.Build.0 = Release|Any CPU
	EndGlobalSection
	GlobalSection(SolutionProperties) = preSolution
		HideSolutionNode = FALSE
	EndGlobalSection
	GlobalSection(ExtensibilityGlobals) = postSolution
		SolutionGuid = {89900F18-6834-4CAE-8EC9-6AD3FB5931FA}
	EndGlobalSection
EndGlobal
